
Microsoft Visual Studio Solution File, Format Version 12.00
# Visual Studio Version 17
VisualStudioVersion = 17.3.32811.315
MinimumVisualStudioVersion = 10.0.40219.1
Project("{778DAE3C-4631-46EA-AA77-85C1314464D9}") = "ZoppaDSql", "ZoppaDSql\ZoppaDSql.vbproj", "{45A9D57D-46BF-4F8F-B021-8BE5723AA8E9}"
EndProject
Project("{778DAE3C-4631-46EA-AA77-85C1314464D9}") = "ZoppaDSqlTest", "ZoppaDSqlTest\ZoppaDSqlTest.vbproj", "{F7172F11-1396-4AEF-BC3B-1CE672F0A4DF}"
EndProject
Project("{778DAE3C-4631-46EA-AA77-85C1314464D9}") = "DSqlSampleForSqlite", "DSqlSampleForSqlite\DSqlSampleForSqlite.vbproj", "{A54A01E5-9979-44DF-835B-D8601C61A909}"
EndProject
Project("{F184B08F-C81C-45F6-A57F-5ABD9991F28F}") = "DSqlSampleForSQLServer", "DSqlSampleForSQLServer\DSqlSampleForSQLServer.vbproj", "{D9765098-A729-4A15-9A27-908F2BFFC37B}"
EndProject
Project("{F184B08F-C81C-45F6-A57F-5ABD9991F28F}") = "DSqlSampleForOracle", "DSqlSampleForOracle\DSqlSampleForOracle.vbproj", "{DFC9403F-0E6F-43D8-86D2-69679A4B60D2}"
EndProject
Project("{FAE04EC0-301F-11D3-BF4B-00C04F79EFBC}") = "DSqlSampleForSqliteCS", "DSqlSampleForSqliteCS\DSqlSampleForSqliteCS.csproj", "{5E638354-DD74-415B-992C-A2313A1DEC52}"
EndProject
Global
	GlobalSection(SolutionConfigurationPlatforms) = preSolution
		Debug|Any CPU = Debug|Any CPU
		Release|Any CPU = Release|Any CPU
	EndGlobalSection
	GlobalSection(ProjectConfigurationPlatforms) = postSolution
		{45A9D57D-46BF-4F8F-B021-8BE5723AA8E9}.Debug|Any CPU.ActiveCfg = Debug|Any CPU
		{45A9D57D-46BF-4F8F-B021-8BE5723AA8E9}.Debug|Any CPU.Build.0 = Debug|Any CPU
		{45A9D57D-46BF-4F8F-B021-8BE5723AA8E9}.Release|Any CPU.ActiveCfg = Release|Any CPU
		{45A9D57D-46BF-4F8F-B021-8BE5723AA8E9}.Release|Any CPU.Build.0 = Release|Any CPU
		{F7172F11-1396-4AEF-BC3B-1CE672F0A4DF}.Debug|Any CPU.ActiveCfg = Debug|Any CPU
		{F7172F11-1396-4AEF-BC3B-1CE672F0A4DF}.Debug|Any CPU.Build.0 = Debug|Any CPU
		{F7172F11-1396-4AEF-BC3B-1CE672F0A4DF}.Release|Any CPU.ActiveCfg = Release|Any CPU
		{F7172F11-1396-4AEF-BC3B-1CE672F0A4DF}.Release|Any CPU.Build.0 = Release|Any CPU
		{A54A01E5-9979-44DF-835B-D8601C61A909}.Debug|Any CPU.ActiveCfg = Debug|Any CPU
		{A54A01E5-9979-44DF-835B-D8601C61A909}.Debug|Any CPU.Build.0 = Debug|Any CPU
		{A54A01E5-9979-44DF-835B-D8601C61A909}.Release|Any CPU.ActiveCfg = Release|Any CPU
		{A54A01E5-9979-44DF-835B-D8601C61A909}.Release|Any CPU.Build.0 = Release|Any CPU
		{D9765098-A729-4A15-9A27-908F2BFFC37B}.Debug|Any CPU.ActiveCfg = Debug|Any CPU
		{D9765098-A729-4A15-9A27-908F2BFFC37B}.Debug|Any CPU.Build.0 = Debug|Any CPU
		{D9765098-A729-4A15-9A27-908F2BFFC37B}.Release|Any CPU.ActiveCfg = Release|Any CPU
		{D9765098-A729-4A15-9A27-908F2BFFC37B}.Release|Any CPU.Build.0 = Release|Any CPU
		{DFC9403F-0E6F-43D8-86D2-69679A4B60D2}.Debug|Any CPU.ActiveCfg = Debug|Any CPU
		{DFC9403F-0E6F-43D8-86D2-69679A4B60D2}.Debug|Any CPU.Build.0 = Debug|Any CPU
		{DFC9403F-0E6F-43D8-86D2-69679A4B60D2}.Release|Any CPU.ActiveCfg = Release|Any CPU
		{DFC9403F-0E6F-43D8-86D2-69679A4B60D2}.Release|Any CPU.Build.0 = Release|Any CPU
		{5E638354-DD74-415B-992C-A2313A1DEC52}.Debug|Any CPU.ActiveCfg = Debug|Any CPU
		{5E638354-DD74-415B-992C-A2313A1DEC52}.Debug|Any CPU.Build.0 = Debug|Any CPU
		{5E638354-DD74-415B-992C-A2313A1DEC52}.Release|Any CPU.ActiveCfg = Release|Any CPU
		{5E638354-DD74-415B-992C-A2313A1DEC52}.Release|Any CPU.Build.0 = Release|Any CPU
	EndGlobalSection
	GlobalSection(SolutionProperties) = preSolution
		HideSolutionNode = FALSE
	EndGlobalSection
	GlobalSection(ExtensibilityGlobals) = postSolution
		SolutionGuid = {3F4EEAD5-AA55-428A-8CF7-0DFD8B375F9E}
	EndGlobalSection
EndGlobal
